// !$*UTF8*$!
{
	archiveVersion = 1;
	classes = {
	};
	objectVersion = 46;
	objects = {

/* Begin PBXBuildFile section */
		265C19A419F3244F009358C2 /* Foundation.framework in Frameworks */ = {isa = PBXBuildFile; fileRef = 265C19A319F3244F009358C2 /* Foundation.framework */; };
		265C19A619F3244F009358C2 /* CoreGraphics.framework in Frameworks */ = {isa = PBXBuildFile; fileRef = 265C19A519F3244F009358C2 /* CoreGraphics.framework */; };
		265C19A819F3244F009358C2 /* UIKit.framework in Frameworks */ = {isa = PBXBuildFile; fileRef = 265C19A719F3244F009358C2 /* UIKit.framework */; };
		265C19AE19F3244F009358C2 /* InfoPlist.strings in Resources */ = {isa = PBXBuildFile; fileRef = 265C19AC19F3244F009358C2 /* InfoPlist.strings */; };
		265C19B019F3244F009358C2 /* main.m in Sources */ = {isa = PBXBuildFile; fileRef = 265C19AF19F3244F009358C2 /* main.m */; };
		265C19B419F3244F009358C2 /* AppDelegate.m in Sources */ = {isa = PBXBuildFile; fileRef = 265C19B319F3244F009358C2 /* AppDelegate.m */; };
		265C19B719F3244F009358C2 /* Main.storyboard in Resources */ = {isa = PBXBuildFile; fileRef = 265C19B519F3244F009358C2 /* Main.storyboard */; };
		265C19BC19F3244F009358C2 /* Images.xcassets in Resources */ = {isa = PBXBuildFile; fileRef = 265C19BB19F3244F009358C2 /* Images.xcassets */; };
		265C19C319F3244F009358C2 /* XCTest.framework in Frameworks */ = {isa = PBXBuildFile; fileRef = 265C19C219F3244F009358C2 /* XCTest.framework */; };
		265C19C419F3244F009358C2 /* Foundation.framework in Frameworks */ = {isa = PBXBuildFile; fileRef = 265C19A319F3244F009358C2 /* Foundation.framework */; };
		265C19C519F3244F009358C2 /* UIKit.framework in Frameworks */ = {isa = PBXBuildFile; fileRef = 265C19A719F3244F009358C2 /* UIKit.framework */; };
		265C19CD19F3244F009358C2 /* InfoPlist.strings in Resources */ = {isa = PBXBuildFile; fileRef = 265C19CB19F3244F009358C2 /* InfoPlist.strings */; };
		265C19CF19F3244F009358C2 /* GrubClubTests.m in Sources */ = {isa = PBXBuildFile; fileRef = 265C19CE19F3244F009358C2 /* GrubClubTests.m */; };
		267F6A0B1A1377EB0059FDCD /* RequestDetailsViewController.m in Sources */ = {isa = PBXBuildFile; fileRef = 267F6A0A1A1377EB0059FDCD /* RequestDetailsViewController.m */; };
		267F6A0E1A13F98D0059FDCD /* FLViewController.m in Sources */ = {isa = PBXBuildFile; fileRef = 267F6A0D1A13F98D0059FDCD /* FLViewController.m */; };
		26B036C91A112A56002D9038 /* FRViewController.m in Sources */ = {isa = PBXBuildFile; fileRef = 26B036C81A112A56002D9038 /* FRViewController.m */; };
		26B69D441A106A410041E7C2 /* AddDetailsViewController.m in Sources */ = {isa = PBXBuildFile; fileRef = 26B69D431A106A410041E7C2 /* AddDetailsViewController.m */; };
		26B69D461A10D2CC0041E7C2 /* libc++.dylib in Frameworks */ = {isa = PBXBuildFile; fileRef = 26B69D451A10D2CC0041E7C2 /* libc++.dylib */; };
		26B69D481A10D2F90041E7C2 /* libstdc++.dylib in Frameworks */ = {isa = PBXBuildFile; fileRef = 26B69D471A10D2F90041E7C2 /* libstdc++.dylib */; };
		26C857481A0FE51D0074B41C /* CoreData.framework in Frameworks */ = {isa = PBXBuildFile; fileRef = 26C857471A0FE51D0074B41C /* CoreData.framework */; };
		26C8574A1A0FE5340074B41C /* CoreMedia.framework in Frameworks */ = {isa = PBXBuildFile; fileRef = 26C857491A0FE5340074B41C /* CoreMedia.framework */; };
		26C8574C1A0FE53E0074B41C /* Accelerate.framework in Frameworks */ = {isa = PBXBuildFile; fileRef = 26C8574B1A0FE53E0074B41C /* Accelerate.framework */; };
		26C8574E1A0FE5460074B41C /* CoreVideo.framework in Frameworks */ = {isa = PBXBuildFile; fileRef = 26C8574D1A0FE5460074B41C /* CoreVideo.framework */; };
		26C857501A0FE5500074B41C /* AVFoundation.framework in Frameworks */ = {isa = PBXBuildFile; fileRef = 26C8574F1A0FE5500074B41C /* AVFoundation.framework */; };
		26C857521A0FE5730074B41C /* libresolv.dylib in Frameworks */ = {isa = PBXBuildFile; fileRef = 26C857511A0FE5730074B41C /* libresolv.dylib */; };
		26C857541A0FE57C0074B41C /* libxml2.dylib in Frameworks */ = {isa = PBXBuildFile; fileRef = 26C857531A0FE57C0074B41C /* libxml2.dylib */; };
		26C857571A0FE6740074B41C /* SplashViewController.m in Sources */ = {isa = PBXBuildFile; fileRef = 26C857561A0FE6740074B41C /* SplashViewController.m */; };
		498897671A143556003106A5 /* MainViewController.m in Sources */ = {isa = PBXBuildFile; fileRef = 498897651A143556003106A5 /* MainViewController.m */; };
		49B0ECEA1A11BD940046C4FD /* Quickblox.framework in Frameworks */ = {isa = PBXBuildFile; fileRef = 49B0ECE81A11BA2C0046C4FD /* Quickblox.framework */; };
		779152E519F3352200E3846C /* Bolts.framework in Frameworks */ = {isa = PBXBuildFile; fileRef = 779152E219F3352200E3846C /* Bolts.framework */; };
		779152E619F3352200E3846C /* Parse.framework in Frameworks */ = {isa = PBXBuildFile; fileRef = 779152E319F3352200E3846C /* Parse.framework */; };
		779152E919F3363800E3846C /* AudioToolbox.framework in Frameworks */ = {isa = PBXBuildFile; fileRef = 779152E819F3363800E3846C /* AudioToolbox.framework */; };
		779152EB19F3364200E3846C /* CFNetwork.framework in Frameworks */ = {isa = PBXBuildFile; fileRef = 779152EA19F3364200E3846C /* CFNetwork.framework */; };
		779152ED19F3365800E3846C /* CoreLocation.framework in Frameworks */ = {isa = PBXBuildFile; fileRef = 779152EC19F3365800E3846C /* CoreLocation.framework */; };
		779152EF19F3366D00E3846C /* MobileCoreServices.framework in Frameworks */ = {isa = PBXBuildFile; fileRef = 779152EE19F3366D00E3846C /* MobileCoreServices.framework */; };
		779152F119F3367600E3846C /* libz.dylib in Frameworks */ = {isa = PBXBuildFile; fileRef = 779152F019F3367600E3846C /* libz.dylib */; };
		779152F319F3368600E3846C /* QuartzCore.framework in Frameworks */ = {isa = PBXBuildFile; fileRef = 779152F219F3368600E3846C /* QuartzCore.framework */; };
		779152F519F3369100E3846C /* Security.framework in Frameworks */ = {isa = PBXBuildFile; fileRef = 779152F419F3369100E3846C /* Security.framework */; };
		779152F719F3369B00E3846C /* StoreKit.framework in Frameworks */ = {isa = PBXBuildFile; fileRef = 779152F619F3369B00E3846C /* StoreKit.framework */; };
		779152F919F336A500E3846C /* SystemConfiguration.framework in Frameworks */ = {isa = PBXBuildFile; fileRef = 779152F819F336A500E3846C /* SystemConfiguration.framework */; };
		779152FC19F338EA00E3846C /* SignUpViewController.m in Sources */ = {isa = PBXBuildFile; fileRef = 779152FB19F338EA00E3846C /* SignUpViewController.m */; };
		779152FF19F33E9C00E3846C /* LoginViewController.m in Sources */ = {isa = PBXBuildFile; fileRef = 779152FE19F33E9C00E3846C /* LoginViewController.m */; };
		7791530219F348FE00E3846C /* forgotPwViewController.m in Sources */ = {isa = PBXBuildFile; fileRef = 7791530119F348FE00E3846C /* forgotPwViewController.m */; };
/* End PBXBuildFile section */

/* Begin PBXContainerItemProxy section */
		265C19C619F3244F009358C2 /* PBXContainerItemProxy */ = {
			isa = PBXContainerItemProxy;
			containerPortal = 265C199819F3244F009358C2 /* Project object */;
			proxyType = 1;
			remoteGlobalIDString = 265C199F19F3244F009358C2;
			remoteInfo = GrubClub;
		};
/* End PBXContainerItemProxy section */

/* Begin PBXFileReference section */
		265C19A019F3244F009358C2 /* GrubClub.app */ = {isa = PBXFileReference; explicitFileType = wrapper.application; includeInIndex = 0; path = GrubClub.app; sourceTree = BUILT_PRODUCTS_DIR; };
		265C19A319F3244F009358C2 /* Foundation.framework */ = {isa = PBXFileReference; lastKnownFileType = wrapper.framework; name = Foundation.framework; path = System/Library/Frameworks/Foundation.framework; sourceTree = SDKROOT; };
		265C19A519F3244F009358C2 /* CoreGraphics.framework */ = {isa = PBXFileReference; lastKnownFileType = wrapper.framework; name = CoreGraphics.framework; path = System/Library/Frameworks/CoreGraphics.framework; sourceTree = SDKROOT; };
		265C19A719F3244F009358C2 /* UIKit.framework */ = {isa = PBXFileReference; lastKnownFileType = wrapper.framework; name = UIKit.framework; path = System/Library/Frameworks/UIKit.framework; sourceTree = SDKROOT; };
		265C19AB19F3244F009358C2 /* GrubClub-Info.plist */ = {isa = PBXFileReference; lastKnownFileType = text.plist.xml; path = "GrubClub-Info.plist"; sourceTree = "<group>"; };
		265C19AD19F3244F009358C2 /* en */ = {isa = PBXFileReference; lastKnownFileType = text.plist.strings; name = en; path = en.lproj/InfoPlist.strings; sourceTree = "<group>"; };
		265C19AF19F3244F009358C2 /* main.m */ = {isa = PBXFileReference; lastKnownFileType = sourcecode.c.objc; path = main.m; sourceTree = "<group>"; };
		265C19B119F3244F009358C2 /* GrubClub-Prefix.pch */ = {isa = PBXFileReference; lastKnownFileType = sourcecode.c.h; path = "GrubClub-Prefix.pch"; sourceTree = "<group>"; };
		265C19B219F3244F009358C2 /* AppDelegate.h */ = {isa = PBXFileReference; lastKnownFileType = sourcecode.c.h; path = AppDelegate.h; sourceTree = "<group>"; };
		265C19B319F3244F009358C2 /* AppDelegate.m */ = {isa = PBXFileReference; lastKnownFileType = sourcecode.c.objc; path = AppDelegate.m; sourceTree = "<group>"; };
		265C19B619F3244F009358C2 /* Base */ = {isa = PBXFileReference; lastKnownFileType = file.storyboard; name = Base; path = Base.lproj/Main.storyboard; sourceTree = "<group>"; };
		265C19BB19F3244F009358C2 /* Images.xcassets */ = {isa = PBXFileReference; lastKnownFileType = folder.assetcatalog; path = Images.xcassets; sourceTree = "<group>"; };
		265C19C119F3244F009358C2 /* GrubClubTests.xctest */ = {isa = PBXFileReference; explicitFileType = wrapper.cfbundle; includeInIndex = 0; path = GrubClubTests.xctest; sourceTree = BUILT_PRODUCTS_DIR; };
		265C19C219F3244F009358C2 /* XCTest.framework */ = {isa = PBXFileReference; lastKnownFileType = wrapper.framework; name = XCTest.framework; path = Library/Frameworks/XCTest.framework; sourceTree = DEVELOPER_DIR; };
		265C19CA19F3244F009358C2 /* GrubClubTests-Info.plist */ = {isa = PBXFileReference; lastKnownFileType = text.plist.xml; path = "GrubClubTests-Info.plist"; sourceTree = "<group>"; };
		265C19CC19F3244F009358C2 /* en */ = {isa = PBXFileReference; lastKnownFileType = text.plist.strings; name = en; path = en.lproj/InfoPlist.strings; sourceTree = "<group>"; };
		265C19CE19F3244F009358C2 /* GrubClubTests.m */ = {isa = PBXFileReference; lastKnownFileType = sourcecode.c.objc; path = GrubClubTests.m; sourceTree = "<group>"; };
		267F6A091A1377EB0059FDCD /* RequestDetailsViewController.h */ = {isa = PBXFileReference; fileEncoding = 4; lastKnownFileType = sourcecode.c.h; path = RequestDetailsViewController.h; sourceTree = "<group>"; };
		267F6A0A1A1377EB0059FDCD /* RequestDetailsViewController.m */ = {isa = PBXFileReference; fileEncoding = 4; lastKnownFileType = sourcecode.c.objc; path = RequestDetailsViewController.m; sourceTree = "<group>"; };
		267F6A0C1A13F98D0059FDCD /* FLViewController.h */ = {isa = PBXFileReference; fileEncoding = 4; lastKnownFileType = sourcecode.c.h; path = FLViewController.h; sourceTree = "<group>"; };
		267F6A0D1A13F98D0059FDCD /* FLViewController.m */ = {isa = PBXFileReference; fileEncoding = 4; lastKnownFileType = sourcecode.c.objc; path = FLViewController.m; sourceTree = "<group>"; };
		26B036C71A112A56002D9038 /* FRViewController.h */ = {isa = PBXFileReference; fileEncoding = 4; lastKnownFileType = sourcecode.c.h; path = FRViewController.h; sourceTree = "<group>"; };
		26B036C81A112A56002D9038 /* FRViewController.m */ = {isa = PBXFileReference; fileEncoding = 4; lastKnownFileType = sourcecode.c.objc; path = FRViewController.m; sourceTree = "<group>"; };
		26B69D421A106A410041E7C2 /* AddDetailsViewController.h */ = {isa = PBXFileReference; fileEncoding = 4; lastKnownFileType = sourcecode.c.h; path = AddDetailsViewController.h; sourceTree = "<group>"; };
		26B69D431A106A410041E7C2 /* AddDetailsViewController.m */ = {isa = PBXFileReference; fileEncoding = 4; lastKnownFileType = sourcecode.c.objc; path = AddDetailsViewController.m; sourceTree = "<group>"; };
		26B69D451A10D2CC0041E7C2 /* libc++.dylib */ = {isa = PBXFileReference; lastKnownFileType = "compiled.mach-o.dylib"; name = "libc++.dylib"; path = "usr/lib/libc++.dylib"; sourceTree = SDKROOT; };
		26B69D471A10D2F90041E7C2 /* libstdc++.dylib */ = {isa = PBXFileReference; lastKnownFileType = "compiled.mach-o.dylib"; name = "libstdc++.dylib"; path = "usr/lib/libstdc++.dylib"; sourceTree = SDKROOT; };
		26C857471A0FE51D0074B41C /* CoreData.framework */ = {isa = PBXFileReference; lastKnownFileType = wrapper.framework; name = CoreData.framework; path = System/Library/Frameworks/CoreData.framework; sourceTree = SDKROOT; };
		26C857491A0FE5340074B41C /* CoreMedia.framework */ = {isa = PBXFileReference; lastKnownFileType = wrapper.framework; name = CoreMedia.framework; path = System/Library/Frameworks/CoreMedia.framework; sourceTree = SDKROOT; };
		26C8574B1A0FE53E0074B41C /* Accelerate.framework */ = {isa = PBXFileReference; lastKnownFileType = wrapper.framework; name = Accelerate.framework; path = System/Library/Frameworks/Accelerate.framework; sourceTree = SDKROOT; };
		26C8574D1A0FE5460074B41C /* CoreVideo.framework */ = {isa = PBXFileReference; lastKnownFileType = wrapper.framework; name = CoreVideo.framework; path = System/Library/Frameworks/CoreVideo.framework; sourceTree = SDKROOT; };
		26C8574F1A0FE5500074B41C /* AVFoundation.framework */ = {isa = PBXFileReference; lastKnownFileType = wrapper.framework; name = AVFoundation.framework; path = System/Library/Frameworks/AVFoundation.framework; sourceTree = SDKROOT; };
		26C857511A0FE5730074B41C /* libresolv.dylib */ = {isa = PBXFileReference; lastKnownFileType = "compiled.mach-o.dylib"; name = libresolv.dylib; path = usr/lib/libresolv.dylib; sourceTree = SDKROOT; };
		26C857531A0FE57C0074B41C /* libxml2.dylib */ = {isa = PBXFileReference; lastKnownFileType = "compiled.mach-o.dylib"; name = libxml2.dylib; path = usr/lib/libxml2.dylib; sourceTree = SDKROOT; };
		26C857551A0FE6740074B41C /* SplashViewController.h */ = {isa = PBXFileReference; fileEncoding = 4; lastKnownFileType = sourcecode.c.h; path = SplashViewController.h; sourceTree = "<group>"; };
		26C857561A0FE6740074B41C /* SplashViewController.m */ = {isa = PBXFileReference; fileEncoding = 4; lastKnownFileType = sourcecode.c.objc; path = SplashViewController.m; sourceTree = "<group>"; };
		498897641A143556003106A5 /* MainViewController.h */ = {isa = PBXFileReference; fileEncoding = 4; lastKnownFileType = sourcecode.c.h; path = MainViewController.h; sourceTree = "<group>"; };
		498897651A143556003106A5 /* MainViewController.m */ = {isa = PBXFileReference; fileEncoding = 4; lastKnownFileType = sourcecode.c.objc; path = MainViewController.m; sourceTree = "<group>"; };
		49B0ECE81A11BA2C0046C4FD /* Quickblox.framework */ = {isa = PBXFileReference; lastKnownFileType = wrapper.framework; path = Quickblox.framework; sourceTree = "<group>"; };
		779152E219F3352200E3846C /* Bolts.framework */ = {isa = PBXFileReference; lastKnownFileType = wrapper.framework; path = Bolts.framework; sourceTree = "<group>"; };
		779152E319F3352200E3846C /* Parse.framework */ = {isa = PBXFileReference; lastKnownFileType = wrapper.framework; path = Parse.framework; sourceTree = "<group>"; };
		779152E819F3363800E3846C /* AudioToolbox.framework */ = {isa = PBXFileReference; lastKnownFileType = wrapper.framework; name = AudioToolbox.framework; path = System/Library/Frameworks/AudioToolbox.framework; sourceTree = SDKROOT; };
		779152EA19F3364200E3846C /* CFNetwork.framework */ = {isa = PBXFileReference; lastKnownFileType = wrapper.framework; name = CFNetwork.framework; path = System/Library/Frameworks/CFNetwork.framework; sourceTree = SDKROOT; };
		779152EC19F3365800E3846C /* CoreLocation.framework */ = {isa = PBXFileReference; lastKnownFileType = wrapper.framework; name = CoreLocation.framework; path = System/Library/Frameworks/CoreLocation.framework; sourceTree = SDKROOT; };
		779152EE19F3366D00E3846C /* MobileCoreServices.framework */ = {isa = PBXFileReference; lastKnownFileType = wrapper.framework; name = MobileCoreServices.framework; path = System/Library/Frameworks/MobileCoreServices.framework; sourceTree = SDKROOT; };
		779152F019F3367600E3846C /* libz.dylib */ = {isa = PBXFileReference; lastKnownFileType = "compiled.mach-o.dylib"; name = libz.dylib; path = usr/lib/libz.dylib; sourceTree = SDKROOT; };
		779152F219F3368600E3846C /* QuartzCore.framework */ = {isa = PBXFileReference; lastKnownFileType = wrapper.framework; name = QuartzCore.framework; path = System/Library/Frameworks/QuartzCore.framework; sourceTree = SDKROOT; };
		779152F419F3369100E3846C /* Security.framework */ = {isa = PBXFileReference; lastKnownFileType = wrapper.framework; name = Security.framework; path = System/Library/Frameworks/Security.framework; sourceTree = SDKROOT; };
		779152F619F3369B00E3846C /* StoreKit.framework */ = {isa = PBXFileReference; lastKnownFileType = wrapper.framework; name = StoreKit.framework; path = System/Library/Frameworks/StoreKit.framework; sourceTree = SDKROOT; };
		779152F819F336A500E3846C /* SystemConfiguration.framework */ = {isa = PBXFileReference; lastKnownFileType = wrapper.framework; name = SystemConfiguration.framework; path = System/Library/Frameworks/SystemConfiguration.framework; sourceTree = SDKROOT; };
		779152FA19F338EA00E3846C /* SignUpViewController.h */ = {isa = PBXFileReference; fileEncoding = 4; lastKnownFileType = sourcecode.c.h; path = SignUpViewController.h; sourceTree = "<group>"; };
		779152FB19F338EA00E3846C /* SignUpViewController.m */ = {isa = PBXFileReference; fileEncoding = 4; lastKnownFileType = sourcecode.c.objc; path = SignUpViewController.m; sourceTree = "<group>"; };
		779152FD19F33E9C00E3846C /* LoginViewController.h */ = {isa = PBXFileReference; fileEncoding = 4; lastKnownFileType = sourcecode.c.h; path = LoginViewController.h; sourceTree = "<group>"; };
		779152FE19F33E9C00E3846C /* LoginViewController.m */ = {isa = PBXFileReference; fileEncoding = 4; lastKnownFileType = sourcecode.c.objc; path = LoginViewController.m; sourceTree = "<group>"; };
		7791530019F348FE00E3846C /* forgotPwViewController.h */ = {isa = PBXFileReference; fileEncoding = 4; lastKnownFileType = sourcecode.c.h; path = forgotPwViewController.h; sourceTree = "<group>"; };
		7791530119F348FE00E3846C /* forgotPwViewController.m */ = {isa = PBXFileReference; fileEncoding = 4; lastKnownFileType = sourcecode.c.objc; path = forgotPwViewController.m; sourceTree = "<group>"; };
/* End PBXFileReference section */

/* Begin PBXFrameworksBuildPhase section */
		265C199D19F3244F009358C2 /* Frameworks */ = {
			isa = PBXFrameworksBuildPhase;
			buildActionMask = 2147483647;
			files = (
				49B0ECEA1A11BD940046C4FD /* Quickblox.framework in Frameworks */,
				26B69D481A10D2F90041E7C2 /* libstdc++.dylib in Frameworks */,
				26B69D461A10D2CC0041E7C2 /* libc++.dylib in Frameworks */,
				26C857541A0FE57C0074B41C /* libxml2.dylib in Frameworks */,
				26C857521A0FE5730074B41C /* libresolv.dylib in Frameworks */,
				779152F119F3367600E3846C /* libz.dylib in Frameworks */,
				779152F519F3369100E3846C /* Security.framework in Frameworks */,
				26C857501A0FE5500074B41C /* AVFoundation.framework in Frameworks */,
				26C8574E1A0FE5460074B41C /* CoreVideo.framework in Frameworks */,
				26C8574C1A0FE53E0074B41C /* Accelerate.framework in Frameworks */,
				26C8574A1A0FE5340074B41C /* CoreMedia.framework in Frameworks */,
				779152E919F3363800E3846C /* AudioToolbox.framework in Frameworks */,
				26C857481A0FE51D0074B41C /* CoreData.framework in Frameworks */,
				265C19A619F3244F009358C2 /* CoreGraphics.framework in Frameworks */,
				779152EF19F3366D00E3846C /* MobileCoreServices.framework in Frameworks */,
				779152F919F336A500E3846C /* SystemConfiguration.framework in Frameworks */,
				779152EB19F3364200E3846C /* CFNetwork.framework in Frameworks */,
				779152F719F3369B00E3846C /* StoreKit.framework in Frameworks */,
				779152F319F3368600E3846C /* QuartzCore.framework in Frameworks */,
				779152ED19F3365800E3846C /* CoreLocation.framework in Frameworks */,
				265C19A819F3244F009358C2 /* UIKit.framework in Frameworks */,
				265C19A419F3244F009358C2 /* Foundation.framework in Frameworks */,
				779152E519F3352200E3846C /* Bolts.framework in Frameworks */,
				779152E619F3352200E3846C /* Parse.framework in Frameworks */,
			);
			runOnlyForDeploymentPostprocessing = 0;
		};
		265C19BE19F3244F009358C2 /* Frameworks */ = {
			isa = PBXFrameworksBuildPhase;
			buildActionMask = 2147483647;
			files = (
				265C19C319F3244F009358C2 /* XCTest.framework in Frameworks */,
				265C19C519F3244F009358C2 /* UIKit.framework in Frameworks */,
				265C19C419F3244F009358C2 /* Foundation.framework in Frameworks */,
			);
			runOnlyForDeploymentPostprocessing = 0;
		};
/* End PBXFrameworksBuildPhase section */

/* Begin PBXGroup section */
		265C199719F3244F009358C2 = {
			isa = PBXGroup;
			children = (
				265C19A919F3244F009358C2 /* GrubClub */,
				265C19C819F3244F009358C2 /* GrubClubTests */,
				265C19A219F3244F009358C2 /* Frameworks */,
				265C19A119F3244F009358C2 /* Products */,
			);
			sourceTree = "<group>";
		};
		265C19A119F3244F009358C2 /* Products */ = {
			isa = PBXGroup;
			children = (
				265C19A019F3244F009358C2 /* GrubClub.app */,
				265C19C119F3244F009358C2 /* GrubClubTests.xctest */,
			);
			name = Products;
			sourceTree = "<group>";
		};
		265C19A219F3244F009358C2 /* Frameworks */ = {
			isa = PBXGroup;
			children = (
				49B0ECE81A11BA2C0046C4FD /* Quickblox.framework */,
				26B69D471A10D2F90041E7C2 /* libstdc++.dylib */,
				26B69D451A10D2CC0041E7C2 /* libc++.dylib */,
				26C857531A0FE57C0074B41C /* libxml2.dylib */,
				26C857511A0FE5730074B41C /* libresolv.dylib */,
				26C8574F1A0FE5500074B41C /* AVFoundation.framework */,
				26C8574D1A0FE5460074B41C /* CoreVideo.framework */,
				26C8574B1A0FE53E0074B41C /* Accelerate.framework */,
				26C857491A0FE5340074B41C /* CoreMedia.framework */,
				26C857471A0FE51D0074B41C /* CoreData.framework */,
				779152F819F336A500E3846C /* SystemConfiguration.framework */,
				779152F619F3369B00E3846C /* StoreKit.framework */,
				779152F419F3369100E3846C /* Security.framework */,
				779152F219F3368600E3846C /* QuartzCore.framework */,
				779152F019F3367600E3846C /* libz.dylib */,
				779152EE19F3366D00E3846C /* MobileCoreServices.framework */,
				779152EC19F3365800E3846C /* CoreLocation.framework */,
				779152EA19F3364200E3846C /* CFNetwork.framework */,
				779152E819F3363800E3846C /* AudioToolbox.framework */,
				779152E219F3352200E3846C /* Bolts.framework */,
				779152E319F3352200E3846C /* Parse.framework */,
				265C19A319F3244F009358C2 /* Foundation.framework */,
				265C19A519F3244F009358C2 /* CoreGraphics.framework */,
				265C19A719F3244F009358C2 /* UIKit.framework */,
				265C19C219F3244F009358C2 /* XCTest.framework */,
			);
			name = Frameworks;
			sourceTree = "<group>";
		};
		265C19A919F3244F009358C2 /* GrubClub */ = {
			isa = PBXGroup;
			children = (
				498897641A143556003106A5 /* MainViewController.h */,
				498897651A143556003106A5 /* MainViewController.m */,
				265C19B219F3244F009358C2 /* AppDelegate.h */,
				265C19B319F3244F009358C2 /* AppDelegate.m */,
				26C857551A0FE6740074B41C /* SplashViewController.h */,
				26C857561A0FE6740074B41C /* SplashViewController.m */,
				265C19B519F3244F009358C2 /* Main.storyboard */,
				779152FA19F338EA00E3846C /* SignUpViewController.h */,
				779152FB19F338EA00E3846C /* SignUpViewController.m */,
				7791530019F348FE00E3846C /* forgotPwViewController.h */,
				7791530119F348FE00E3846C /* forgotPwViewController.m */,
				779152FD19F33E9C00E3846C /* LoginViewController.h */,
				779152FE19F33E9C00E3846C /* LoginViewController.m */,
				26B69D421A106A410041E7C2 /* AddDetailsViewController.h */,
				26B69D431A106A410041E7C2 /* AddDetailsViewController.m */,
				267F6A091A1377EB0059FDCD /* RequestDetailsViewController.h */,
				267F6A0A1A1377EB0059FDCD /* RequestDetailsViewController.m */,
				26B036C71A112A56002D9038 /* FRViewController.h */,
				26B036C81A112A56002D9038 /* FRViewController.m */,
				267F6A0C1A13F98D0059FDCD /* FLViewController.h */,
				267F6A0D1A13F98D0059FDCD /* FLViewController.m */,
				265C19BB19F3244F009358C2 /* Images.xcassets */,
				265C19AA19F3244F009358C2 /* Supporting Files */,
			);
			path = GrubClub;
			sourceTree = "<group>";
		};
		265C19AA19F3244F009358C2 /* Supporting Files */ = {
			isa = PBXGroup;
			children = (
				265C19AB19F3244F009358C2 /* GrubClub-Info.plist */,
				265C19AC19F3244F009358C2 /* InfoPlist.strings */,
				265C19AF19F3244F009358C2 /* main.m */,
				265C19B119F3244F009358C2 /* GrubClub-Prefix.pch */,
			);
			name = "Supporting Files";
			sourceTree = "<group>";
		};
		265C19C819F3244F009358C2 /* GrubClubTests */ = {
			isa = PBXGroup;
			children = (
				265C19CE19F3244F009358C2 /* GrubClubTests.m */,
				265C19C919F3244F009358C2 /* Supporting Files */,
			);
			path = GrubClubTests;
			sourceTree = "<group>";
		};
		265C19C919F3244F009358C2 /* Supporting Files */ = {
			isa = PBXGroup;
			children = (
				265C19CA19F3244F009358C2 /* GrubClubTests-Info.plist */,
				265C19CB19F3244F009358C2 /* InfoPlist.strings */,
			);
			name = "Supporting Files";
			sourceTree = "<group>";
		};
/* End PBXGroup section */

/* Begin PBXNativeTarget section */
		265C199F19F3244F009358C2 /* GrubClub */ = {
			isa = PBXNativeTarget;
			buildConfigurationList = 265C19D219F3244F009358C2 /* Build configuration list for PBXNativeTarget "GrubClub" */;
			buildPhases = (
				265C199C19F3244F009358C2 /* Sources */,
				265C199D19F3244F009358C2 /* Frameworks */,
				265C199E19F3244F009358C2 /* Resources */,
			);
			buildRules = (
			);
			dependencies = (
			);
			name = GrubClub;
			productName = GrubClub;
			productReference = 265C19A019F3244F009358C2 /* GrubClub.app */;
			productType = "com.apple.product-type.application";
		};
		265C19C019F3244F009358C2 /* GrubClubTests */ = {
			isa = PBXNativeTarget;
			buildConfigurationList = 265C19D519F3244F009358C2 /* Build configuration list for PBXNativeTarget "GrubClubTests" */;
			buildPhases = (
				265C19BD19F3244F009358C2 /* Sources */,
				265C19BE19F3244F009358C2 /* Frameworks */,
				265C19BF19F3244F009358C2 /* Resources */,
			);
			buildRules = (
			);
			dependencies = (
				265C19C719F3244F009358C2 /* PBXTargetDependency */,
			);
			name = GrubClubTests;
			productName = GrubClubTests;
			productReference = 265C19C119F3244F009358C2 /* GrubClubTests.xctest */;
			productType = "com.apple.product-type.bundle.unit-test";
		};
/* End PBXNativeTarget section */

/* Begin PBXProject section */
		265C199819F3244F009358C2 /* Project object */ = {
			isa = PBXProject;
			attributes = {
				LastUpgradeCheck = 0510;
				ORGANIZATIONNAME = HelloWorld;
				TargetAttributes = {
					265C199F19F3244F009358C2 = {
						DevelopmentTeam = CMDDRLZ9LP;
					};
					265C19C019F3244F009358C2 = {
						TestTargetID = 265C199F19F3244F009358C2;
					};
				};
			};
			buildConfigurationList = 265C199B19F3244F009358C2 /* Build configuration list for PBXProject "GrubClub" */;
			compatibilityVersion = "Xcode 3.2";
			developmentRegion = English;
			hasScannedForEncodings = 0;
			knownRegions = (
				en,
				Base,
			);
			mainGroup = 265C199719F3244F009358C2;
			productRefGroup = 265C19A119F3244F009358C2 /* Products */;
			projectDirPath = "";
			projectRoot = "";
			targets = (
				265C199F19F3244F009358C2 /* GrubClub */,
				265C19C019F3244F009358C2 /* GrubClubTests */,
			);
		};
/* End PBXProject section */

/* Begin PBXResourcesBuildPhase section */
		265C199E19F3244F009358C2 /* Resources */ = {
			isa = PBXResourcesBuildPhase;
			buildActionMask = 2147483647;
			files = (
				265C19BC19F3244F009358C2 /* Images.xcassets in Resources */,
				265C19AE19F3244F009358C2 /* InfoPlist.strings in Resources */,
				265C19B719F3244F009358C2 /* Main.storyboard in Resources */,
			);
			runOnlyForDeploymentPostprocessing = 0;
		};
		265C19BF19F3244F009358C2 /* Resources */ = {
			isa = PBXResourcesBuildPhase;
			buildActionMask = 2147483647;
			files = (
				265C19CD19F3244F009358C2 /* InfoPlist.strings in Resources */,
			);
			runOnlyForDeploymentPostprocessing = 0;
		};
/* End PBXResourcesBuildPhase section */

/* Begin PBXSourcesBuildPhase section */
		265C199C19F3244F009358C2 /* Sources */ = {
			isa = PBXSourcesBuildPhase;
			buildActionMask = 2147483647;
			files = (
				498897671A143556003106A5 /* MainViewController.m in Sources */,
				7791530219F348FE00E3846C /* forgotPwViewController.m in Sources */,
				26C857571A0FE6740074B41C /* SplashViewController.m in Sources */,
				265C19B419F3244F009358C2 /* AppDelegate.m in Sources */,
				267F6A0E1A13F98D0059FDCD /* FLViewController.m in Sources */,
				26B036C91A112A56002D9038 /* FRViewController.m in Sources */,
				26B69D441A106A410041E7C2 /* AddDetailsViewController.m in Sources */,
				779152FC19F338EA00E3846C /* SignUpViewController.m in Sources */,
				265C19B019F3244F009358C2 /* main.m in Sources */,
				779152FF19F33E9C00E3846C /* LoginViewController.m in Sources */,
				267F6A0B1A1377EB0059FDCD /* RequestDetailsViewController.m in Sources */,
			);
			runOnlyForDeploymentPostprocessing = 0;
		};
		265C19BD19F3244F009358C2 /* Sources */ = {
			isa = PBXSourcesBuildPhase;
			buildActionMask = 2147483647;
			files = (
				265C19CF19F3244F009358C2 /* GrubClubTests.m in Sources */,
			);
			runOnlyForDeploymentPostprocessing = 0;
		};
/* End PBXSourcesBuildPhase section */

/* Begin PBXTargetDependency section */
		265C19C719F3244F009358C2 /* PBXTargetDependency */ = {
			isa = PBXTargetDependency;
			target = 265C199F19F3244F009358C2 /* GrubClub */;
			targetProxy = 265C19C619F3244F009358C2 /* PBXContainerItemProxy */;
		};
/* End PBXTargetDependency section */

/* Begin PBXVariantGroup section */
		265C19AC19F3244F009358C2 /* InfoPlist.strings */ = {
			isa = PBXVariantGroup;
			children = (
				265C19AD19F3244F009358C2 /* en */,
			);
			name = InfoPlist.strings;
			sourceTree = "<group>";
		};
		265C19B519F3244F009358C2 /* Main.storyboard */ = {
			isa = PBXVariantGroup;
			children = (
				265C19B619F3244F009358C2 /* Base */,
			);
			name = Main.storyboard;
			sourceTree = "<group>";
		};
		265C19CB19F3244F009358C2 /* InfoPlist.strings */ = {
			isa = PBXVariantGroup;
			children = (
				265C19CC19F3244F009358C2 /* en */,
			);
			name = InfoPlist.strings;
			sourceTree = "<group>";
		};
/* End PBXVariantGroup section */

/* Begin XCBuildConfiguration section */
		265C19D019F3244F009358C2 /* Debug */ = {
			isa = XCBuildConfiguration;
			buildSettings = {
				ALWAYS_SEARCH_USER_PATHS = NO;
				CLANG_CXX_LANGUAGE_STANDARD = "gnu++0x";
				CLANG_CXX_LIBRARY = "libc++";
				CLANG_ENABLE_MODULES = YES;
				CLANG_ENABLE_OBJC_ARC = YES;
				CLANG_WARN_BOOL_CONVERSION = YES;
				CLANG_WARN_CONSTANT_CONVERSION = YES;
				CLANG_WARN_DIRECT_OBJC_ISA_USAGE = YES_ERROR;
				CLANG_WARN_EMPTY_BODY = YES;
				CLANG_WARN_ENUM_CONVERSION = YES;
				CLANG_WARN_INT_CONVERSION = YES;
				CLANG_WARN_OBJC_ROOT_CLASS = YES_ERROR;
				CLANG_WARN__DUPLICATE_METHOD_MATCH = YES;
				"CODE_SIGN_IDENTITY[sdk=iphoneos*]" = "iPhone Developer";
				COPY_PHASE_STRIP = NO;
				GCC_C_LANGUAGE_STANDARD = gnu99;
				GCC_DYNAMIC_NO_PIC = NO;
				GCC_OPTIMIZATION_LEVEL = 0;
				GCC_PREPROCESSOR_DEFINITIONS = (
					"DEBUG=1",
					"$(inherited)",
				);
				GCC_SYMBOLS_PRIVATE_EXTERN = NO;
				GCC_WARN_64_TO_32_BIT_CONVERSION = YES;
				GCC_WARN_ABOUT_RETURN_TYPE = YES_ERROR;
				GCC_WARN_UNDECLARED_SELECTOR = YES;
				GCC_WARN_UNINITIALIZED_AUTOS = YES_AGGRESSIVE;
				GCC_WARN_UNUSED_FUNCTION = YES;
				GCC_WARN_UNUSED_VARIABLE = YES;
				IPHONEOS_DEPLOYMENT_TARGET = 7.1;
				ONLY_ACTIVE_ARCH = YES;
				SDKROOT = iphoneos;
			};
			name = Debug;
		};
		265C19D119F3244F009358C2 /* Release */ = {
			isa = XCBuildConfiguration;
			buildSettings = {
				ALWAYS_SEARCH_USER_PATHS = NO;
				CLANG_CXX_LANGUAGE_STANDARD = "gnu++0x";
				CLANG_CXX_LIBRARY = "libc++";
				CLANG_ENABLE_MODULES = YES;
				CLANG_ENABLE_OBJC_ARC = YES;
				CLANG_WARN_BOOL_CONVERSION = YES;
				CLANG_WARN_CONSTANT_CONVERSION = YES;
				CLANG_WARN_DIRECT_OBJC_ISA_USAGE = YES_ERROR;
				CLANG_WARN_EMPTY_BODY = YES;
				CLANG_WARN_ENUM_CONVERSION = YES;
				CLANG_WARN_INT_CONVERSION = YES;
				CLANG_WARN_OBJC_ROOT_CLASS = YES_ERROR;
				CLANG_WARN__DUPLICATE_METHOD_MATCH = YES;
				"CODE_SIGN_IDENTITY[sdk=iphoneos*]" = "iPhone Developer";
				COPY_PHASE_STRIP = YES;
				ENABLE_NS_ASSERTIONS = NO;
				GCC_C_LANGUAGE_STANDARD = gnu99;
				GCC_WARN_64_TO_32_BIT_CONVERSION = YES;
				GCC_WARN_ABOUT_RETURN_TYPE = YES_ERROR;
				GCC_WARN_UNDECLARED_SELECTOR = YES;
				GCC_WARN_UNINITIALIZED_AUTOS = YES_AGGRESSIVE;
				GCC_WARN_UNUSED_FUNCTION = YES;
				GCC_WARN_UNUSED_VARIABLE = YES;
				IPHONEOS_DEPLOYMENT_TARGET = 7.1;
				SDKROOT = iphoneos;
				VALIDATE_PRODUCT = YES;
			};
			name = Release;
		};
		265C19D319F3244F009358C2 /* Debug */ = {
			isa = XCBuildConfiguration;
			buildSettings = {
				ALWAYS_SEARCH_USER_PATHS = YES;
				ASSETCATALOG_COMPILER_APPICON_NAME = AppIcon;
				ASSETCATALOG_COMPILER_LAUNCHIMAGE_NAME = LaunchImage;
				FRAMEWORK_SEARCH_PATHS = "$(PROJECT_DIR)/**";
				GCC_PRECOMPILE_PREFIX_HEADER = YES;
				GCC_PREFIX_HEADER = "GrubClub/GrubClub-Prefix.pch";
				HEADER_SEARCH_PATHS = (
					"$(inherited)",
					/Applications/Xcode.app/Contents/Developer/Toolchains/XcodeDefault.xctoolchain/usr/include,
					/usr/include/libxml2,
					"$(PROJECT_DIR)/**",
				);
				INFOPLIST_FILE = "GrubClub/GrubClub-Info.plist";
				OTHER_LDFLAGS = (
					"-lxml2",
					"-ObjC",
					"-lstdc++",
				);
				PRODUCT_NAME = "$(TARGET_NAME)";
				WRAPPER_EXTENSION = app;
			};
			name = Debug;
		};
		265C19D419F3244F009358C2 /* Release */ = {
			isa = XCBuildConfiguration;
			buildSettings = {
				ALWAYS_SEARCH_USER_PATHS = YES;
				ASSETCATALOG_COMPILER_APPICON_NAME = AppIcon;
				ASSETCATALOG_COMPILER_LAUNCHIMAGE_NAME = LaunchImage;
				FRAMEWORK_SEARCH_PATHS = "$(PROJECT_DIR)/**";
				GCC_PRECOMPILE_PREFIX_HEADER = YES;
				GCC_PREFIX_HEADER = "GrubClub/GrubClub-Prefix.pch";
				HEADER_SEARCH_PATHS = (
					"$(inherited)",
					/Applications/Xcode.app/Contents/Developer/Toolchains/XcodeDefault.xctoolchain/usr/include,
					/usr/include/libxml2,
					"$(PROJECT_DIR)/**",
				);
				INFOPLIST_FILE = "GrubClub/GrubClub-Info.plist";
				OTHER_LDFLAGS = (
					"-lxml2",
					"-ObjC",
					"-lstdc++",
				);
				PRODUCT_NAME = "$(TARGET_NAME)";
				WRAPPER_EXTENSION = app;
			};
			name = Release;
		};
		265C19D619F3244F009358C2 /* Debug */ = {
			isa = XCBuildConfiguration;
			buildSettings = {
				BUNDLE_LOADER = "$(BUILT_PRODUCTS_DIR)/GrubClub.app/GrubClub";
				FRAMEWORK_SEARCH_PATHS = (
					"$(SDKROOT)/Developer/Library/Frameworks",
					"$(inherited)",
					"$(DEVELOPER_FRAMEWORKS_DIR)",
				);
				GCC_PRECOMPILE_PREFIX_HEADER = YES;
				GCC_PREFIX_HEADER = "GrubClub/GrubClub-Prefix.pch";
				GCC_PREPROCESSOR_DEFINITIONS = (
					"DEBUG=1",
					"$(inherited)",
				);
				INFOPLIST_FILE = "GrubClubTests/GrubClubTests-Info.plist";
				PRODUCT_NAME = "$(TARGET_NAME)";
				TEST_HOST = "$(BUNDLE_LOADER)";
				WRAPPER_EXTENSION = xctest;
			};
			name = Debug;
		};
		265C19D719F3244F009358C2 /* Release */ = {
			isa = XCBuildConfiguration;
			buildSettings = {
				BUNDLE_LOADER = "$(BUILT_PRODUCTS_DIR)/GrubClub.app/GrubClub";
				FRAMEWORK_SEARCH_PATHS = (
					"$(SDKROOT)/Developer/Library/Frameworks",
					"$(inherited)",
					"$(DEVELOPER_FRAMEWORKS_DIR)",
				);
				GCC_PRECOMPILE_PREFIX_HEADER = YES;
				GCC_PREFIX_HEADER = "GrubClub/GrubClub-Prefix.pch";
				INFOPLIST_FILE = "GrubClubTests/GrubClubTests-Info.plist";
				PRODUCT_NAME = "$(TARGET_NAME)";
				TEST_HOST = "$(BUNDLE_LOADER)";
				WRAPPER_EXTENSION = xctest;
			};
			name = Release;
		};
/* End XCBuildConfiguration section */

/* Begin XCConfigurationList section */
		265C199B19F3244F009358C2 /* Build configuration list for PBXProject "GrubClub" */ = {
			isa = XCConfigurationList;
			buildConfigurations = (
				265C19D019F3244F009358C2 /* Debug */,
				265C19D119F3244F009358C2 /* Release */,
			);
			defaultConfigurationIsVisible = 0;
			defaultConfigurationName = Release;
		};
		265C19D219F3244F009358C2 /* Build configuration list for PBXNativeTarget "GrubClub" */ = {
			isa = XCConfigurationList;
			buildConfigurations = (
				265C19D319F3244F009358C2 /* Debug */,
				265C19D419F3244F009358C2 /* Release */,
			);
			defaultConfigurationIsVisible = 0;
			defaultConfigurationName = Release;
		};
		265C19D519F3244F009358C2 /* Build configuration list for PBXNativeTarget "GrubClubTests" */ = {
			isa = XCConfigurationList;
			buildConfigurations = (
				265C19D619F3244F009358C2 /* Debug */,
				265C19D719F3244F009358C2 /* Release */,
			);
			defaultConfigurationIsVisible = 0;
			defaultConfigurationName = Release;
		};
/* End XCConfigurationList section */
	};
	rootObject = 265C199819F3244F009358C2 /* Project object */;
}
